
Microsoft Visual Studio Solution File, Format Version 11.00
# Visual Studio 2010
Project("{2150E333-8FDC-42A3-9474-1A3956D46DE8}") = "OZGNet_DotNet_3.5_SP1", "OZGNet_DotNet_3.5_SP1", "{EABE1F4C-19F3-4D28-800E-9D2CE03622C6}"
EndProject
Project("{FAE04EC0-301F-11D3-BF4B-00C04F79EFBC}") = "OZGNet.WebForm.Mvc", "OZGNet.WebForm.Mvc\OZGNet.WebForm.Mvc.csproj", "{D9700A0D-5158-4E68-BC1D-722078722E0D}"
EndProject
Project("{FAE04EC0-301F-11D3-BF4B-00C04F79EFBC}") = "OZGNet.Debug", "OZGNet.Debug\OZGNet.Debug.csproj", "{EF4E2E7E-AB8F-4F0B-A09F-B844B44EA1C7}"
EndProject
Project("{FAE04EC0-301F-11D3-BF4B-00C04F79EFBC}") = "OZGNet.ObjectExpansion", "OZGNet.ObjectExpansion\OZGNet.ObjectExpansion.csproj", "{434ABEA5-6106-4B8D-A72E-0D52DF323599}"
EndProject
Global
	GlobalSection(SolutionConfigurationPlatforms) = preSolution
		Debug|Any CPU = Debug|Any CPU
		Release|Any CPU = Release|Any CPU
	EndGlobalSection
	GlobalSection(ProjectConfigurationPlatforms) = postSolution
		{D9700A0D-5158-4E68-BC1D-722078722E0D}.Debug|Any CPU.ActiveCfg = Debug|Any CPU
		{D9700A0D-5158-4E68-BC1D-722078722E0D}.Debug|Any CPU.Build.0 = Debug|Any CPU
		{D9700A0D-5158-4E68-BC1D-722078722E0D}.Release|Any CPU.ActiveCfg = Release|Any CPU
		{D9700A0D-5158-4E68-BC1D-722078722E0D}.Release|Any CPU.Build.0 = Release|Any CPU
		{EF4E2E7E-AB8F-4F0B-A09F-B844B44EA1C7}.Debug|Any CPU.ActiveCfg = Debug|Any CPU
		{EF4E2E7E-AB8F-4F0B-A09F-B844B44EA1C7}.Debug|Any CPU.Build.0 = Debug|Any CPU
		{EF4E2E7E-AB8F-4F0B-A09F-B844B44EA1C7}.Release|Any CPU.ActiveCfg = Release|Any CPU
		{EF4E2E7E-AB8F-4F0B-A09F-B844B44EA1C7}.Release|Any CPU.Build.0 = Release|Any CPU
		{434ABEA5-6106-4B8D-A72E-0D52DF323599}.Debug|Any CPU.ActiveCfg = Debug|Any CPU
		{434ABEA5-6106-4B8D-A72E-0D52DF323599}.Debug|Any CPU.Build.0 = Debug|Any CPU
		{434ABEA5-6106-4B8D-A72E-0D52DF323599}.Release|Any CPU.ActiveCfg = Release|Any CPU
		{434ABEA5-6106-4B8D-A72E-0D52DF323599}.Release|Any CPU.Build.0 = Release|Any CPU
	EndGlobalSection
	GlobalSection(SolutionProperties) = preSolution
		HideSolutionNode = FALSE
	EndGlobalSection
EndGlobal
