
Microsoft Visual Studio Solution File, Format Version 12.00
# Visual Studio 2012
Project("{2150E333-8FDC-42A3-9474-1A3956D46DE8}") = "OZGNet_DotNet_2.0", "OZGNet_DotNet_2.0", "{EABE1F4C-19F3-4D28-800E-9D2CE03622C6}"
EndProject
Project("{FAE04EC0-301F-11D3-BF4B-00C04F79EFBC}") = "OZGNet", "OZGNet\OZGNet.csproj", "{0A805C28-8BC6-4D9C-9236-1FD1544EAB0E}"
EndProject
Project("{FAE04EC0-301F-11D3-BF4B-00C04F79EFBC}") = "OZGNet.Data", "OZGNet.Data\OZGNet.Data.csproj", "{73E3F44C-5E90-49F9-931B-9F93F007B457}"
EndProject
Project("{FAE04EC0-301F-11D3-BF4B-00C04F79EFBC}") = "OZGNet.Framework", "OZGNet.Framework\OZGNet.Framework.csproj", "{176388F9-A04C-4FE4-8FCA-C7A1DF9512E1}"
EndProject
Project("{FAE04EC0-301F-11D3-BF4B-00C04F79EFBC}") = "OZGNet.GDI", "OZGNet.GDI\OZGNet.GDI.csproj", "{AEE99390-FC2B-4945-B050-ED65540336B2}"
EndProject
Project("{FAE04EC0-301F-11D3-BF4B-00C04F79EFBC}") = "OZGNet.Media", "OZGNet.Media\OZGNet.Media.csproj", "{7C70EAC9-2CEC-4CA6-9181-514DBC524ABC}"
EndProject
Project("{FAE04EC0-301F-11D3-BF4B-00C04F79EFBC}") = "OZGNet.Net", "OZGNet.Net\OZGNet.Net.csproj", "{8C11E300-E84E-4085-BD41-0591CB38111B}"
EndProject
Project("{FAE04EC0-301F-11D3-BF4B-00C04F79EFBC}") = "OZGNet.Office", "OZGNet.Office\OZGNet.Office.csproj", "{6DD2B3D6-4947-4243-A390-52F794ED5261}"
EndProject
Project("{FAE04EC0-301F-11D3-BF4B-00C04F79EFBC}") = "OZGNet.Serialize", "OZGNet.Serialize\OZGNet.Serialize.csproj", "{F0F04103-82E9-41F9-8E63-BAC96394B9A1}"
EndProject
Project("{FAE04EC0-301F-11D3-BF4B-00C04F79EFBC}") = "OZGNet.SysInfo", "OZGNet.SysInfo\OZGNet.SysInfo.csproj", "{C6287AFB-3D54-4687-B016-45B18647CCF8}"
EndProject
Project("{FAE04EC0-301F-11D3-BF4B-00C04F79EFBC}") = "OZGNet.WebForm", "OZGNet.WebForm\OZGNet.WebForm.csproj", "{075A046E-AD42-4BCE-9091-FA28FB1F49EF}"
EndProject
Project("{FAE04EC0-301F-11D3-BF4B-00C04F79EFBC}") = "OZGNet.WinForm", "OZGNet.WinForm\OZGNet.WinForm.csproj", "{60624138-8519-4084-8FE5-D6D62D27D49F}"
EndProject
Project("{FAE04EC0-301F-11D3-BF4B-00C04F79EFBC}") = "OZGNet.Debug", "OZGNet.Debug\OZGNet.Debug.csproj", "{7488D2E3-7292-412A-B5D3-8C29168E2AC9}"
EndProject
Project("{FAE04EC0-301F-11D3-BF4B-00C04F79EFBC}") = "OZGNet.Compression", "OZGNet.Compression\OZGNet.Compression.csproj", "{A6F5718D-C43D-48D3-BF8E-CE432E2960AF}"
EndProject
Global
	GlobalSection(SolutionConfigurationPlatforms) = preSolution
		Debug|Any CPU = Debug|Any CPU
		Release|Any CPU = Release|Any CPU
	EndGlobalSection
	GlobalSection(ProjectConfigurationPlatforms) = postSolution
		{0A805C28-8BC6-4D9C-9236-1FD1544EAB0E}.Debug|Any CPU.ActiveCfg = Debug|Any CPU
		{0A805C28-8BC6-4D9C-9236-1FD1544EAB0E}.Debug|Any CPU.Build.0 = Debug|Any CPU
		{0A805C28-8BC6-4D9C-9236-1FD1544EAB0E}.Release|Any CPU.ActiveCfg = Release|Any CPU
		{0A805C28-8BC6-4D9C-9236-1FD1544EAB0E}.Release|Any CPU.Build.0 = Release|Any CPU
		{73E3F44C-5E90-49F9-931B-9F93F007B457}.Debug|Any CPU.ActiveCfg = Debug|Any CPU
		{73E3F44C-5E90-49F9-931B-9F93F007B457}.Debug|Any CPU.Build.0 = Debug|Any CPU
		{73E3F44C-5E90-49F9-931B-9F93F007B457}.Release|Any CPU.ActiveCfg = Release|Any CPU
		{73E3F44C-5E90-49F9-931B-9F93F007B457}.Release|Any CPU.Build.0 = Release|Any CPU
		{176388F9-A04C-4FE4-8FCA-C7A1DF9512E1}.Debug|Any CPU.ActiveCfg = Debug|Any CPU
		{176388F9-A04C-4FE4-8FCA-C7A1DF9512E1}.Debug|Any CPU.Build.0 = Debug|Any CPU
		{176388F9-A04C-4FE4-8FCA-C7A1DF9512E1}.Release|Any CPU.ActiveCfg = Release|Any CPU
		{176388F9-A04C-4FE4-8FCA-C7A1DF9512E1}.Release|Any CPU.Build.0 = Release|Any CPU
		{AEE99390-FC2B-4945-B050-ED65540336B2}.Debug|Any CPU.ActiveCfg = Debug|Any CPU
		{AEE99390-FC2B-4945-B050-ED65540336B2}.Debug|Any CPU.Build.0 = Debug|Any CPU
		{AEE99390-FC2B-4945-B050-ED65540336B2}.Release|Any CPU.ActiveCfg = Release|Any CPU
		{AEE99390-FC2B-4945-B050-ED65540336B2}.Release|Any CPU.Build.0 = Release|Any CPU
		{7C70EAC9-2CEC-4CA6-9181-514DBC524ABC}.Debug|Any CPU.ActiveCfg = Debug|Any CPU
		{7C70EAC9-2CEC-4CA6-9181-514DBC524ABC}.Debug|Any CPU.Build.0 = Debug|Any CPU
		{7C70EAC9-2CEC-4CA6-9181-514DBC524ABC}.Release|Any CPU.ActiveCfg = Release|Any CPU
		{7C70EAC9-2CEC-4CA6-9181-514DBC524ABC}.Release|Any CPU.Build.0 = Release|Any CPU
		{8C11E300-E84E-4085-BD41-0591CB38111B}.Debug|Any CPU.ActiveCfg = Debug|Any CPU
		{8C11E300-E84E-4085-BD41-0591CB38111B}.Debug|Any CPU.Build.0 = Debug|Any CPU
		{8C11E300-E84E-4085-BD41-0591CB38111B}.Release|Any CPU.ActiveCfg = Release|Any CPU
		{8C11E300-E84E-4085-BD41-0591CB38111B}.Release|Any CPU.Build.0 = Release|Any CPU
		{6DD2B3D6-4947-4243-A390-52F794ED5261}.Debug|Any CPU.ActiveCfg = Debug|Any CPU
		{6DD2B3D6-4947-4243-A390-52F794ED5261}.Debug|Any CPU.Build.0 = Debug|Any CPU
		{6DD2B3D6-4947-4243-A390-52F794ED5261}.Release|Any CPU.ActiveCfg = Release|Any CPU
		{6DD2B3D6-4947-4243-A390-52F794ED5261}.Release|Any CPU.Build.0 = Release|Any CPU
		{F0F04103-82E9-41F9-8E63-BAC96394B9A1}.Debug|Any CPU.ActiveCfg = Debug|Any CPU
		{F0F04103-82E9-41F9-8E63-BAC96394B9A1}.Debug|Any CPU.Build.0 = Debug|Any CPU
		{F0F04103-82E9-41F9-8E63-BAC96394B9A1}.Release|Any CPU.ActiveCfg = Release|Any CPU
		{F0F04103-82E9-41F9-8E63-BAC96394B9A1}.Release|Any CPU.Build.0 = Release|Any CPU
		{C6287AFB-3D54-4687-B016-45B18647CCF8}.Debug|Any CPU.ActiveCfg = Debug|Any CPU
		{C6287AFB-3D54-4687-B016-45B18647CCF8}.Debug|Any CPU.Build.0 = Debug|Any CPU
		{C6287AFB-3D54-4687-B016-45B18647CCF8}.Release|Any CPU.ActiveCfg = Release|Any CPU
		{C6287AFB-3D54-4687-B016-45B18647CCF8}.Release|Any CPU.Build.0 = Release|Any CPU
		{075A046E-AD42-4BCE-9091-FA28FB1F49EF}.Debug|Any CPU.ActiveCfg = Debug|Any CPU
		{075A046E-AD42-4BCE-9091-FA28FB1F49EF}.Debug|Any CPU.Build.0 = Debug|Any CPU
		{075A046E-AD42-4BCE-9091-FA28FB1F49EF}.Release|Any CPU.ActiveCfg = Release|Any CPU
		{075A046E-AD42-4BCE-9091-FA28FB1F49EF}.Release|Any CPU.Build.0 = Release|Any CPU
		{60624138-8519-4084-8FE5-D6D62D27D49F}.Debug|Any CPU.ActiveCfg = Debug|Any CPU
		{60624138-8519-4084-8FE5-D6D62D27D49F}.Debug|Any CPU.Build.0 = Debug|Any CPU
		{60624138-8519-4084-8FE5-D6D62D27D49F}.Release|Any CPU.ActiveCfg = Release|Any CPU
		{60624138-8519-4084-8FE5-D6D62D27D49F}.Release|Any CPU.Build.0 = Release|Any CPU
		{7488D2E3-7292-412A-B5D3-8C29168E2AC9}.Debug|Any CPU.ActiveCfg = Debug|Any CPU
		{7488D2E3-7292-412A-B5D3-8C29168E2AC9}.Debug|Any CPU.Build.0 = Debug|Any CPU
		{7488D2E3-7292-412A-B5D3-8C29168E2AC9}.Release|Any CPU.ActiveCfg = Release|Any CPU
		{7488D2E3-7292-412A-B5D3-8C29168E2AC9}.Release|Any CPU.Build.0 = Release|Any CPU
		{A6F5718D-C43D-48D3-BF8E-CE432E2960AF}.Debug|Any CPU.ActiveCfg = Debug|Any CPU
		{A6F5718D-C43D-48D3-BF8E-CE432E2960AF}.Debug|Any CPU.Build.0 = Debug|Any CPU
		{A6F5718D-C43D-48D3-BF8E-CE432E2960AF}.Release|Any CPU.ActiveCfg = Release|Any CPU
		{A6F5718D-C43D-48D3-BF8E-CE432E2960AF}.Release|Any CPU.Build.0 = Release|Any CPU
	EndGlobalSection
	GlobalSection(SolutionProperties) = preSolution
		HideSolutionNode = FALSE
	EndGlobalSection
EndGlobal
